// !$*UTF8*$!
{
	archiveVersion = 1;
	classes = {
	};
	objectVersion = 56;
	objects = {

/* Begin PBXBuildFile section */
		646EDD152BD6AE44007BFE6C /* BadgeBackground.swift in Sources */ = {isa = PBXBuildFile; fileRef = 646EDD142BD6AE44007BFE6C /* BadgeBackground.swift */; };
		646EDD192BD6AF6D007BFE6C /* RotatedBadgeSymbol.swift in Sources */ = {isa = PBXBuildFile; fileRef = 646EDD182BD6AF6D007BFE6C /* RotatedBadgeSymbol.swift */; };
		646EDD1B2BD6AF95007BFE6C /* Badge.swift in Sources */ = {isa = PBXBuildFile; fileRef = 646EDD1A2BD6AF95007BFE6C /* Badge.swift */; };
		646EDD1F2BD6B1EC007BFE6C /* HexagonParameters.swift in Sources */ = {isa = PBXBuildFile; fileRef = 646EDD1E2BD6B1EC007BFE6C /* HexagonParameters.swift */; };
		646EDD212BD6B21B007BFE6C /* BadgeSymbol.swift in Sources */ = {isa = PBXBuildFile; fileRef = 646EDD202BD6B21B007BFE6C /* BadgeSymbol.swift */; };
		646EDD242BD6B2BC007BFE6C /* hikeData.json in Resources */ = {isa = PBXBuildFile; fileRef = 646EDD232BD6B2BC007BFE6C /* hikeData.json */; };
		646EDD262BD6B2F7007BFE6C /* Hike.swift in Sources */ = {isa = PBXBuildFile; fileRef = 646EDD252BD6B2F7007BFE6C /* Hike.swift */; };
		646EDD2C2BD6B391007BFE6C /* GraphCapsule.swift in Sources */ = {isa = PBXBuildFile; fileRef = 646EDD272BD6B391007BFE6C /* GraphCapsule.swift */; };
		646EDD2D2BD6B391007BFE6C /* HikeDetail.swift in Sources */ = {isa = PBXBuildFile; fileRef = 646EDD282BD6B391007BFE6C /* HikeDetail.swift */; };
		646EDD2E2BD6B391007BFE6C /* HikeGraph.swift in Sources */ = {isa = PBXBuildFile; fileRef = 646EDD292BD6B391007BFE6C /* HikeGraph.swift */; };
		646EDD2F2BD6B391007BFE6C /* HikeView.swift in Sources */ = {isa = PBXBuildFile; fileRef = 646EDD2A2BD6B391007BFE6C /* HikeView.swift */; };
		646EDD312BD6B5FA007BFE6C /* CategoryHome.swift in Sources */ = {isa = PBXBuildFile; fileRef = 646EDD302BD6B5FA007BFE6C /* CategoryHome.swift */; };
		646EDD332BD6B6C8007BFE6C /* CategoryRow.swift in Sources */ = {isa = PBXBuildFile; fileRef = 646EDD322BD6B6C8007BFE6C /* CategoryRow.swift */; };
		646EDD352BD6B723007BFE6C /* CategoryItem.swift in Sources */ = {isa = PBXBuildFile; fileRef = 646EDD342BD6B723007BFE6C /* CategoryItem.swift */; };
		646EDD412BD7462B007BFE6C /* ProfileHost.swift in Sources */ = {isa = PBXBuildFile; fileRef = 646EDD402BD7462B007BFE6C /* ProfileHost.swift */; };
		64A79D022C22CB250031C921 /* CameraManager.swift in Sources */ = {isa = PBXBuildFile; fileRef = 64A79D012C22CB250031C921 /* CameraManager.swift */; };
		64A79D042C22CC060031C921 /* CMSampleBuffer.swift in Sources */ = {isa = PBXBuildFile; fileRef = 64A79D032C22CC060031C921 /* CMSampleBuffer.swift */; };
		64A79D062C22CC1D0031C921 /* CIImage.swift in Sources */ = {isa = PBXBuildFile; fileRef = 64A79D052C22CC1D0031C921 /* CIImage.swift */; };
		64A79D082C22CCC10031C921 /* ViewModel.swift in Sources */ = {isa = PBXBuildFile; fileRef = 64A79D072C22CCC10031C921 /* ViewModel.swift */; };
		64A79D0A2C22CD030031C921 /* CameraView.swift in Sources */ = {isa = PBXBuildFile; fileRef = 64A79D092C22CD030031C921 /* CameraView.swift */; };
		64BCC96E2BD748E40041937F /* Profile.swift in Sources */ = {isa = PBXBuildFile; fileRef = 64BCC96D2BD748E30041937F /* Profile.swift */; };
		64BCC9702BD749110041937F /* ProfileSummary.swift in Sources */ = {isa = PBXBuildFile; fileRef = 64BCC96F2BD749110041937F /* ProfileSummary.swift */; };
		64BCC9732BD749C40041937F /* HikeBadge.swift in Sources */ = {isa = PBXBuildFile; fileRef = 64BCC9722BD749C40041937F /* HikeBadge.swift */; };
		64BCC9752BD74B3F0041937F /* ProfileEditor.swift in Sources */ = {isa = PBXBuildFile; fileRef = 64BCC9742BD74B3F0041937F /* ProfileEditor.swift */; };
		64BCC97A2BD74D010041937F /* PageViewController.swift in Sources */ = {isa = PBXBuildFile; fileRef = 64BCC9792BD74D010041937F /* PageViewController.swift */; };
		64BCC9822BD74DCB0041937F /* FeatureCard.swift in Sources */ = {isa = PBXBuildFile; fileRef = 64BCC9812BD74DCB0041937F /* FeatureCard.swift */; };
		64BCC9842BD74E250041937F /* PageView.swift in Sources */ = {isa = PBXBuildFile; fileRef = 64BCC9832BD74E250041937F /* PageView.swift */; };
		64BCC9862BD74F4B0041937F /* PageControl.swift in Sources */ = {isa = PBXBuildFile; fileRef = 64BCC9852BD74F4B0041937F /* PageControl.swift */; };
		64C41A562C2A992200FF4649 /* VideoRecorderViewController.swift in Sources */ = {isa = PBXBuildFile; fileRef = 64C41A552C2A992200FF4649 /* VideoRecorderViewController.swift */; };
		64C41A5A2C2A9CA500FF4649 /* VideoRecorderView.swift in Sources */ = {isa = PBXBuildFile; fileRef = 64C41A592C2A9CA500FF4649 /* VideoRecorderView.swift */; };
		64C41A5C2C2AB62200FF4649 /* MeasureContent.swift in Sources */ = {isa = PBXBuildFile; fileRef = 64C41A5B2C2AB62200FF4649 /* MeasureContent.swift */; };
		64C41A5F2C2AB68F00FF4649 /* MeasureView.swift in Sources */ = {isa = PBXBuildFile; fileRef = 64C41A5E2C2AB68F00FF4649 /* MeasureView.swift */; };
		64C41A612C2AB6B700FF4649 /* Recording.swift in Sources */ = {isa = PBXBuildFile; fileRef = 64C41A602C2AB6B700FF4649 /* Recording.swift */; };
		64F44A882BD69E8F006FA4F5 /* LandmarksApp.swift in Sources */ = {isa = PBXBuildFile; fileRef = 64F44A872BD69E8F006FA4F5 /* LandmarksApp.swift */; };
		64F44A8A2BD69E8F006FA4F5 /* ContentView.swift in Sources */ = {isa = PBXBuildFile; fileRef = 64F44A892BD69E8F006FA4F5 /* ContentView.swift */; };
		64F44A8C2BD69E90006FA4F5 /* Assets.xcassets in Resources */ = {isa = PBXBuildFile; fileRef = 64F44A8B2BD69E90006FA4F5 /* Assets.xcassets */; };
		64F44A8F2BD69E90006FA4F5 /* Preview Assets.xcassets in Resources */ = {isa = PBXBuildFile; fileRef = 64F44A8E2BD69E90006FA4F5 /* Preview Assets.xcassets */; };
		64F44A962BD69EB6006FA4F5 /* LandmarkDetail.swift in Sources */ = {isa = PBXBuildFile; fileRef = 64F44A952BD69EB6006FA4F5 /* LandmarkDetail.swift */; };
		64F44A982BD69EEE006FA4F5 /* FavoriteButton.swift in Sources */ = {isa = PBXBuildFile; fileRef = 64F44A972BD69EEE006FA4F5 /* FavoriteButton.swift */; };
		64F44A9A2BD69F34006FA4F5 /* LandmarkRow.swift in Sources */ = {isa = PBXBuildFile; fileRef = 64F44A992BD69F34006FA4F5 /* LandmarkRow.swift */; };
		64F44A9C2BD69F6C006FA4F5 /* LandmarkList.swift in Sources */ = {isa = PBXBuildFile; fileRef = 64F44A9B2BD69F6C006FA4F5 /* LandmarkList.swift */; };
		64F44A9E2BD69FA5006FA4F5 /* ModelData.swift in Sources */ = {isa = PBXBuildFile; fileRef = 64F44A9D2BD69FA5006FA4F5 /* ModelData.swift */; };
		64F44AA02BD6A016006FA4F5 /* MapView.swift in Sources */ = {isa = PBXBuildFile; fileRef = 64F44A9F2BD6A016006FA4F5 /* MapView.swift */; };
		64F44AA22BD6A03A006FA4F5 /* CircleImage.swift in Sources */ = {isa = PBXBuildFile; fileRef = 64F44AA12BD6A03A006FA4F5 /* CircleImage.swift */; };
		64F44AA42BD6A06F006FA4F5 /* Landmark.swift in Sources */ = {isa = PBXBuildFile; fileRef = 64F44AA32BD6A06F006FA4F5 /* Landmark.swift */; };
		64F44AAA2BD6A239006FA4F5 /* landmarkData.json in Resources */ = {isa = PBXBuildFile; fileRef = 64F44AA92BD6A239006FA4F5 /* landmarkData.json */; };
/* End PBXBuildFile section */

/* Begin PBXFileReference section */
		646EDD142BD6AE44007BFE6C /* BadgeBackground.swift */ = {isa = PBXFileReference; lastKnownFileType = sourcecode.swift; path = BadgeBackground.swift; sourceTree = "<group>"; };
		646EDD182BD6AF6D007BFE6C /* RotatedBadgeSymbol.swift */ = {isa = PBXFileReference; lastKnownFileType = sourcecode.swift; path = RotatedBadgeSymbol.swift; sourceTree = "<group>"; };
		646EDD1A2BD6AF95007BFE6C /* Badge.swift */ = {isa = PBXFileReference; lastKnownFileType = sourcecode.swift; path = Badge.swift; sourceTree = "<group>"; };
		646EDD1E2BD6B1EC007BFE6C /* HexagonParameters.swift */ = {isa = PBXFileReference; fileEncoding = 4; lastKnownFileType = sourcecode.swift; path = HexagonParameters.swift; sourceTree = "<group>"; };
		646EDD202BD6B21B007BFE6C /* BadgeSymbol.swift */ = {isa = PBXFileReference; lastKnownFileType = sourcecode.swift; path = BadgeSymbol.swift; sourceTree = "<group>"; };
		646EDD232BD6B2BC007BFE6C /* hikeData.json */ = {isa = PBXFileReference; fileEncoding = 4; lastKnownFileType = text.json; path = hikeData.json; sourceTree = "<group>"; };
		646EDD252BD6B2F7007BFE6C /* Hike.swift */ = {isa = PBXFileReference; lastKnownFileType = sourcecode.swift; path = Hike.swift; sourceTree = "<group>"; };
		646EDD272BD6B391007BFE6C /* GraphCapsule.swift */ = {isa = PBXFileReference; fileEncoding = 4; lastKnownFileType = sourcecode.swift; path = GraphCapsule.swift; sourceTree = "<group>"; };
		646EDD282BD6B391007BFE6C /* HikeDetail.swift */ = {isa = PBXFileReference; fileEncoding = 4; lastKnownFileType = sourcecode.swift; path = HikeDetail.swift; sourceTree = "<group>"; };
		646EDD292BD6B391007BFE6C /* HikeGraph.swift */ = {isa = PBXFileReference; fileEncoding = 4; lastKnownFileType = sourcecode.swift; path = HikeGraph.swift; sourceTree = "<group>"; };
		646EDD2A2BD6B391007BFE6C /* HikeView.swift */ = {isa = PBXFileReference; fileEncoding = 4; lastKnownFileType = sourcecode.swift; path = HikeView.swift; sourceTree = "<group>"; };
		646EDD302BD6B5FA007BFE6C /* CategoryHome.swift */ = {isa = PBXFileReference; lastKnownFileType = sourcecode.swift; path = CategoryHome.swift; sourceTree = "<group>"; };
		646EDD322BD6B6C8007BFE6C /* CategoryRow.swift */ = {isa = PBXFileReference; lastKnownFileType = sourcecode.swift; path = CategoryRow.swift; sourceTree = "<group>"; };
		646EDD342BD6B723007BFE6C /* CategoryItem.swift */ = {isa = PBXFileReference; lastKnownFileType = sourcecode.swift; path = CategoryItem.swift; sourceTree = "<group>"; };
		646EDD402BD7462B007BFE6C /* ProfileHost.swift */ = {isa = PBXFileReference; lastKnownFileType = sourcecode.swift; path = ProfileHost.swift; sourceTree = "<group>"; };
		64A79D012C22CB250031C921 /* CameraManager.swift */ = {isa = PBXFileReference; lastKnownFileType = sourcecode.swift; path = CameraManager.swift; sourceTree = "<group>"; };
		64A79D032C22CC060031C921 /* CMSampleBuffer.swift */ = {isa = PBXFileReference; lastKnownFileType = sourcecode.swift; path = CMSampleBuffer.swift; sourceTree = "<group>"; };
		64A79D052C22CC1D0031C921 /* CIImage.swift */ = {isa = PBXFileReference; lastKnownFileType = sourcecode.swift; path = CIImage.swift; sourceTree = "<group>"; };
		64A79D072C22CCC10031C921 /* ViewModel.swift */ = {isa = PBXFileReference; lastKnownFileType = sourcecode.swift; path = ViewModel.swift; sourceTree = "<group>"; };
		64A79D092C22CD030031C921 /* CameraView.swift */ = {isa = PBXFileReference; lastKnownFileType = sourcecode.swift; path = CameraView.swift; sourceTree = "<group>"; };
		64A79D0B2C22CFFA0031C921 /* Info.plist */ = {isa = PBXFileReference; lastKnownFileType = text.plist; path = Info.plist; sourceTree = "<group>"; };
		64BCC96D2BD748E30041937F /* Profile.swift */ = {isa = PBXFileReference; lastKnownFileType = sourcecode.swift; path = Profile.swift; sourceTree = "<group>"; };
		64BCC96F2BD749110041937F /* ProfileSummary.swift */ = {isa = PBXFileReference; lastKnownFileType = sourcecode.swift; path = ProfileSummary.swift; sourceTree = "<group>"; };
		64BCC9722BD749C40041937F /* HikeBadge.swift */ = {isa = PBXFileReference; lastKnownFileType = sourcecode.swift; path = HikeBadge.swift; sourceTree = "<group>"; };
		64BCC9742BD74B3F0041937F /* ProfileEditor.swift */ = {isa = PBXFileReference; lastKnownFileType = sourcecode.swift; path = ProfileEditor.swift; sourceTree = "<group>"; };
		64BCC9792BD74D010041937F /* PageViewController.swift */ = {isa = PBXFileReference; lastKnownFileType = sourcecode.swift; path = PageViewController.swift; sourceTree = "<group>"; };
		64BCC9812BD74DCB0041937F /* FeatureCard.swift */ = {isa = PBXFileReference; lastKnownFileType = sourcecode.swift; path = FeatureCard.swift; sourceTree = "<group>"; };
		64BCC9832BD74E250041937F /* PageView.swift */ = {isa = PBXFileReference; lastKnownFileType = sourcecode.swift; path = PageView.swift; sourceTree = "<group>"; };
		64BCC9852BD74F4B0041937F /* PageControl.swift */ = {isa = PBXFileReference; lastKnownFileType = sourcecode.swift; path = PageControl.swift; sourceTree = "<group>"; };
		64C41A552C2A992200FF4649 /* VideoRecorderViewController.swift */ = {isa = PBXFileReference; lastKnownFileType = sourcecode.swift; path = VideoRecorderViewController.swift; sourceTree = "<group>"; };
		64C41A592C2A9CA500FF4649 /* VideoRecorderView.swift */ = {isa = PBXFileReference; lastKnownFileType = sourcecode.swift; path = VideoRecorderView.swift; sourceTree = "<group>"; };
		64C41A5B2C2AB62200FF4649 /* MeasureContent.swift */ = {isa = PBXFileReference; lastKnownFileType = sourcecode.swift; path = MeasureContent.swift; sourceTree = "<group>"; };
		64C41A5E2C2AB68F00FF4649 /* MeasureView.swift */ = {isa = PBXFileReference; lastKnownFileType = sourcecode.swift; path = MeasureView.swift; sourceTree = "<group>"; };
		64C41A602C2AB6B700FF4649 /* Recording.swift */ = {isa = PBXFileReference; lastKnownFileType = sourcecode.swift; path = Recording.swift; sourceTree = "<group>"; };
		64F44A842BD69E8F006FA4F5 /* Landmarks.app */ = {isa = PBXFileReference; explicitFileType = wrapper.application; includeInIndex = 0; path = Landmarks.app; sourceTree = BUILT_PRODUCTS_DIR; };
		64F44A872BD69E8F006FA4F5 /* LandmarksApp.swift */ = {isa = PBXFileReference; lastKnownFileType = sourcecode.swift; path = LandmarksApp.swift; sourceTree = "<group>"; };
		64F44A892BD69E8F006FA4F5 /* ContentView.swift */ = {isa = PBXFileReference; lastKnownFileType = sourcecode.swift; path = ContentView.swift; sourceTree = "<group>"; };
		64F44A8B2BD69E90006FA4F5 /* Assets.xcassets */ = {isa = PBXFileReference; lastKnownFileType = folder.assetcatalog; path = Assets.xcassets; sourceTree = "<group>"; };
		64F44A8E2BD69E90006FA4F5 /* Preview Assets.xcassets */ = {isa = PBXFileReference; lastKnownFileType = folder.assetcatalog; path = "Preview Assets.xcassets"; sourceTree = "<group>"; };
		64F44A952BD69EB6006FA4F5 /* LandmarkDetail.swift */ = {isa = PBXFileReference; lastKnownFileType = sourcecode.swift; path = LandmarkDetail.swift; sourceTree = "<group>"; };
		64F44A972BD69EEE006FA4F5 /* FavoriteButton.swift */ = {isa = PBXFileReference; lastKnownFileType = sourcecode.swift; path = FavoriteButton.swift; sourceTree = "<group>"; };
		64F44A992BD69F34006FA4F5 /* LandmarkRow.swift */ = {isa = PBXFileReference; lastKnownFileType = sourcecode.swift; path = LandmarkRow.swift; sourceTree = "<group>"; };
		64F44A9B2BD69F6C006FA4F5 /* LandmarkList.swift */ = {isa = PBXFileReference; lastKnownFileType = sourcecode.swift; path = LandmarkList.swift; sourceTree = "<group>"; };
		64F44A9D2BD69FA5006FA4F5 /* ModelData.swift */ = {isa = PBXFileReference; lastKnownFileType = sourcecode.swift; path = ModelData.swift; sourceTree = "<group>"; };
		64F44A9F2BD6A016006FA4F5 /* MapView.swift */ = {isa = PBXFileReference; lastKnownFileType = sourcecode.swift; path = MapView.swift; sourceTree = "<group>"; };
		64F44AA12BD6A03A006FA4F5 /* CircleImage.swift */ = {isa = PBXFileReference; lastKnownFileType = sourcecode.swift; path = CircleImage.swift; sourceTree = "<group>"; };
		64F44AA32BD6A06F006FA4F5 /* Landmark.swift */ = {isa = PBXFileReference; lastKnownFileType = sourcecode.swift; path = Landmark.swift; sourceTree = "<group>"; };
		64F44AA92BD6A239006FA4F5 /* landmarkData.json */ = {isa = PBXFileReference; fileEncoding = 4; lastKnownFileType = text.json; path = landmarkData.json; sourceTree = "<group>"; };
/* End PBXFileReference section */

/* Begin PBXFrameworksBuildPhase section */
		64F44A812BD69E8F006FA4F5 /* Frameworks */ = {
			isa = PBXFrameworksBuildPhase;
			buildActionMask = 2147483647;
			files = (
			);
			runOnlyForDeploymentPostprocessing = 0;
		};
/* End PBXFrameworksBuildPhase section */

/* Begin PBXGroup section */
		646EDD222BD6B26D007BFE6C /* Badges */ = {
			isa = PBXGroup;
			children = (
				646EDD1E2BD6B1EC007BFE6C /* HexagonParameters.swift */,
				646EDD1A2BD6AF95007BFE6C /* Badge.swift */,
				646EDD202BD6B21B007BFE6C /* BadgeSymbol.swift */,
				646EDD142BD6AE44007BFE6C /* BadgeBackground.swift */,
				646EDD182BD6AF6D007BFE6C /* RotatedBadgeSymbol.swift */,
			);
			path = Badges;
			sourceTree = "<group>";
		};
		646EDD2B2BD6B391007BFE6C /* Hikes */ = {
			isa = PBXGroup;
			children = (
				646EDD272BD6B391007BFE6C /* GraphCapsule.swift */,
				646EDD282BD6B391007BFE6C /* HikeDetail.swift */,
				646EDD292BD6B391007BFE6C /* HikeGraph.swift */,
				646EDD2A2BD6B391007BFE6C /* HikeView.swift */,
				64BCC9722BD749C40041937F /* HikeBadge.swift */,
			);
			path = Hikes;
			sourceTree = "<group>";
		};
		646EDD392BD743BE007BFE6C /* Category */ = {
			isa = PBXGroup;
			children = (
				646EDD302BD6B5FA007BFE6C /* CategoryHome.swift */,
				646EDD322BD6B6C8007BFE6C /* CategoryRow.swift */,
				646EDD342BD6B723007BFE6C /* CategoryItem.swift */,
			);
			path = Category;
			sourceTree = "<group>";
		};
		64A79CF82C22C1870031C921 /* Shot */ = {
			isa = PBXGroup;
			children = (
				64A79D012C22CB250031C921 /* CameraManager.swift */,
				64A79D032C22CC060031C921 /* CMSampleBuffer.swift */,
				64A79D052C22CC1D0031C921 /* CIImage.swift */,
				64A79D072C22CCC10031C921 /* ViewModel.swift */,
				64A79D092C22CD030031C921 /* CameraView.swift */,
			);
			path = Shot;
			sourceTree = "<group>";
		};
		64BCC9712BD749290041937F /* Profiles */ = {
			isa = PBXGroup;
			children = (
				646EDD402BD7462B007BFE6C /* ProfileHost.swift */,
				64BCC96F2BD749110041937F /* ProfileSummary.swift */,
				64BCC9742BD74B3F0041937F /* ProfileEditor.swift */,
			);
			path = Profiles;
			sourceTree = "<group>";
		};
		64BCC9762BD74C800041937F /* PageView */ = {
			isa = PBXGroup;
			children = (
				64BCC9792BD74D010041937F /* PageViewController.swift */,
				64BCC9832BD74E250041937F /* PageView.swift */,
				64BCC9852BD74F4B0041937F /* PageControl.swift */,
			);
			path = PageView;
			sourceTree = "<group>";
		};
		64C41A542C2A98F800FF4649 /* VideoRecord */ = {
			isa = PBXGroup;
			children = (
				64C41A552C2A992200FF4649 /* VideoRecorderViewController.swift */,
				64C41A592C2A9CA500FF4649 /* VideoRecorderView.swift */,
			);
			path = VideoRecord;
			sourceTree = "<group>";
		};
		64C41A5D2C2AB65600FF4649 /* MeasureView */ = {
			isa = PBXGroup;
			children = (
				64C41A5E2C2AB68F00FF4649 /* MeasureView.swift */,
				64C41A602C2AB6B700FF4649 /* Recording.swift */,
			);
			path = MeasureView;
			sourceTree = "<group>";
		};
		64F44A7B2BD69E8F006FA4F5 = {
			isa = PBXGroup;
			children = (
				64F44A862BD69E8F006FA4F5 /* Landmarks */,
				64F44A852BD69E8F006FA4F5 /* Products */,
			);
			sourceTree = "<group>";
		};
		64F44A852BD69E8F006FA4F5 /* Products */ = {
			isa = PBXGroup;
			children = (
				64F44A842BD69E8F006FA4F5 /* Landmarks.app */,
			);
			name = Products;
			sourceTree = "<group>";
		};
		64F44A862BD69E8F006FA4F5 /* Landmarks */ = {
			isa = PBXGroup;
			children = (
				64A79D0B2C22CFFA0031C921 /* Info.plist */,
				64F44A872BD69E8F006FA4F5 /* LandmarksApp.swift */,
				64F44AA82BD6A18F006FA4F5 /* Model */,
				64F44AA52BD6A0D2006FA4F5 /* Views */,
				64F44A8B2BD69E90006FA4F5 /* Assets.xcassets */,
				64F44AAB2BD6A26F006FA4F5 /* Resources */,
				64F44A8D2BD69E90006FA4F5 /* Preview Content */,
			);
			path = Landmarks;
			sourceTree = "<group>";
		};
		64F44A8D2BD69E90006FA4F5 /* Preview Content */ = {
			isa = PBXGroup;
			children = (
				64F44A8E2BD69E90006FA4F5 /* Preview Assets.xcassets */,
			);
			path = "Preview Content";
			sourceTree = "<group>";
		};
		64F44AA52BD6A0D2006FA4F5 /* Views */ = {
			isa = PBXGroup;
			children = (
				64F44A892BD69E8F006FA4F5 /* ContentView.swift */,
				64C41A5B2C2AB62200FF4649 /* MeasureContent.swift */,
				64C41A5D2C2AB65600FF4649 /* MeasureView */,
				64C41A542C2A98F800FF4649 /* VideoRecord */,
				64A79CF82C22C1870031C921 /* Shot */,
				64BCC9762BD74C800041937F /* PageView */,
				64BCC9712BD749290041937F /* Profiles */,
				646EDD392BD743BE007BFE6C /* Category */,
				646EDD2B2BD6B391007BFE6C /* Hikes */,
				646EDD222BD6B26D007BFE6C /* Badges */,
				64F44AA72BD6A129006FA4F5 /* Helper */,
				64F44AA62BD6A11B006FA4F5 /* Landmarks */,
			);
			path = Views;
			sourceTree = "<group>";
		};
		64F44AA62BD6A11B006FA4F5 /* Landmarks */ = {
			isa = PBXGroup;
			children = (
				64F44A9B2BD69F6C006FA4F5 /* LandmarkList.swift */,
				64F44A992BD69F34006FA4F5 /* LandmarkRow.swift */,
				64F44A952BD69EB6006FA4F5 /* LandmarkDetail.swift */,
				64BCC9812BD74DCB0041937F /* FeatureCard.swift */,
			);
			path = Landmarks;
			sourceTree = "<group>";
		};
		64F44AA72BD6A129006FA4F5 /* Helper */ = {
			isa = PBXGroup;
			children = (
				64F44A9F2BD6A016006FA4F5 /* MapView.swift */,
				64F44AA12BD6A03A006FA4F5 /* CircleImage.swift */,
				64F44A972BD69EEE006FA4F5 /* FavoriteButton.swift */,
			);
			path = Helper;
			sourceTree = "<group>";
		};
		64F44AA82BD6A18F006FA4F5 /* Model */ = {
			isa = PBXGroup;
			children = (
				64F44A9D2BD69FA5006FA4F5 /* ModelData.swift */,
				64F44AA32BD6A06F006FA4F5 /* Landmark.swift */,
				646EDD252BD6B2F7007BFE6C /* Hike.swift */,
				64BCC96D2BD748E30041937F /* Profile.swift */,
			);
			path = Model;
			sourceTree = "<group>";
		};
		64F44AAB2BD6A26F006FA4F5 /* Resources */ = {
			isa = PBXGroup;
			children = (
				646EDD232BD6B2BC007BFE6C /* hikeData.json */,
				64F44AA92BD6A239006FA4F5 /* landmarkData.json */,
			);
			path = Resources;
			sourceTree = "<group>";
		};
/* End PBXGroup section */

/* Begin PBXNativeTarget section */
		64F44A832BD69E8F006FA4F5 /* Landmarks */ = {
			isa = PBXNativeTarget;
			buildConfigurationList = 64F44A922BD69E90006FA4F5 /* Build configuration list for PBXNativeTarget "Landmarks" */;
			buildPhases = (
				64F44A802BD69E8F006FA4F5 /* Sources */,
				64F44A812BD69E8F006FA4F5 /* Frameworks */,
				64F44A822BD69E8F006FA4F5 /* Resources */,
			);
			buildRules = (
			);
			dependencies = (
			);
			name = Landmarks;
			productName = Landmarks;
			productReference = 64F44A842BD69E8F006FA4F5 /* Landmarks.app */;
			productType = "com.apple.product-type.application";
		};
/* End PBXNativeTarget section */

/* Begin PBXProject section */
		64F44A7C2BD69E8F006FA4F5 /* Project object */ = {
			isa = PBXProject;
			attributes = {
				BuildIndependentTargetsInParallel = 1;
				LastSwiftUpdateCheck = 1530;
				LastUpgradeCheck = 1530;
				TargetAttributes = {
					64F44A832BD69E8F006FA4F5 = {
						CreatedOnToolsVersion = 15.3;
					};
				};
			};
			buildConfigurationList = 64F44A7F2BD69E8F006FA4F5 /* Build configuration list for PBXProject "Landmarks" */;
			compatibilityVersion = "Xcode 14.0";
			developmentRegion = en;
			hasScannedForEncodings = 0;
			knownRegions = (
				en,
				Base,
			);
			mainGroup = 64F44A7B2BD69E8F006FA4F5;
			productRefGroup = 64F44A852BD69E8F006FA4F5 /* Products */;
			projectDirPath = "";
			projectRoot = "";
			targets = (
				64F44A832BD69E8F006FA4F5 /* Landmarks */,
			);
		};
/* End PBXProject section */

/* Begin PBXResourcesBuildPhase section */
		64F44A822BD69E8F006FA4F5 /* Resources */ = {
			isa = PBXResourcesBuildPhase;
			buildActionMask = 2147483647;
			files = (
				646EDD242BD6B2BC007BFE6C /* hikeData.json in Resources */,
				64F44A8F2BD69E90006FA4F5 /* Preview Assets.xcassets in Resources */,
				64F44A8C2BD69E90006FA4F5 /* Assets.xcassets in Resources */,
				64F44AAA2BD6A239006FA4F5 /* landmarkData.json in Resources */,
			);
			runOnlyForDeploymentPostprocessing = 0;
		};
/* End PBXResourcesBuildPhase section */

/* Begin PBXSourcesBuildPhase section */
		64F44A802BD69E8F006FA4F5 /* Sources */ = {
			isa = PBXSourcesBuildPhase;
			buildActionMask = 2147483647;
			files = (
				646EDD332BD6B6C8007BFE6C /* CategoryRow.swift in Sources */,
				646EDD1F2BD6B1EC007BFE6C /* HexagonParameters.swift in Sources */,
				646EDD312BD6B5FA007BFE6C /* CategoryHome.swift in Sources */,
				646EDD1B2BD6AF95007BFE6C /* Badge.swift in Sources */,
				64C41A5C2C2AB62200FF4649 /* MeasureContent.swift in Sources */,
				64BCC9822BD74DCB0041937F /* FeatureCard.swift in Sources */,
				64F44A8A2BD69E8F006FA4F5 /* ContentView.swift in Sources */,
				646EDD2C2BD6B391007BFE6C /* GraphCapsule.swift in Sources */,
				646EDD2E2BD6B391007BFE6C /* HikeGraph.swift in Sources */,
				64F44AA02BD6A016006FA4F5 /* MapView.swift in Sources */,
				64C41A5F2C2AB68F00FF4649 /* MeasureView.swift in Sources */,
				64BCC9862BD74F4B0041937F /* PageControl.swift in Sources */,
				646EDD212BD6B21B007BFE6C /* BadgeSymbol.swift in Sources */,
				646EDD352BD6B723007BFE6C /* CategoryItem.swift in Sources */,
				64A79D0A2C22CD030031C921 /* CameraView.swift in Sources */,
				64F44A9C2BD69F6C006FA4F5 /* LandmarkList.swift in Sources */,
				646EDD262BD6B2F7007BFE6C /* Hike.swift in Sources */,
				64BCC9702BD749110041937F /* ProfileSummary.swift in Sources */,
				64A79D022C22CB250031C921 /* CameraManager.swift in Sources */,
				64C41A612C2AB6B700FF4649 /* Recording.swift in Sources */,
				64C41A562C2A992200FF4649 /* VideoRecorderViewController.swift in Sources */,
				646EDD412BD7462B007BFE6C /* ProfileHost.swift in Sources */,
				64C41A5A2C2A9CA500FF4649 /* VideoRecorderView.swift in Sources */,
				64F44A962BD69EB6006FA4F5 /* LandmarkDetail.swift in Sources */,
				646EDD192BD6AF6D007BFE6C /* RotatedBadgeSymbol.swift in Sources */,
				64F44A882BD69E8F006FA4F5 /* LandmarksApp.swift in Sources */,
				64A79D082C22CCC10031C921 /* ViewModel.swift in Sources */,
				64BCC9842BD74E250041937F /* PageView.swift in Sources */,
				64BCC96E2BD748E40041937F /* Profile.swift in Sources */,
				64BCC9752BD74B3F0041937F /* ProfileEditor.swift in Sources */,
				646EDD2D2BD6B391007BFE6C /* HikeDetail.swift in Sources */,
				646EDD2F2BD6B391007BFE6C /* HikeView.swift in Sources */,
				64F44AA22BD6A03A006FA4F5 /* CircleImage.swift in Sources */,
				64BCC97A2BD74D010041937F /* PageViewController.swift in Sources */,
				646EDD152BD6AE44007BFE6C /* BadgeBackground.swift in Sources */,
				64BCC9732BD749C40041937F /* HikeBadge.swift in Sources */,
				64F44A9A2BD69F34006FA4F5 /* LandmarkRow.swift in Sources */,
				64A79D062C22CC1D0031C921 /* CIImage.swift in Sources */,
				64F44A982BD69EEE006FA4F5 /* FavoriteButton.swift in Sources */,
				64F44A9E2BD69FA5006FA4F5 /* ModelData.swift in Sources */,
				64A79D042C22CC060031C921 /* CMSampleBuffer.swift in Sources */,
				64F44AA42BD6A06F006FA4F5 /* Landmark.swift in Sources */,
			);
			runOnlyForDeploymentPostprocessing = 0;
		};
/* End PBXSourcesBuildPhase section */

/* Begin XCBuildConfiguration section */
		64F44A902BD69E90006FA4F5 /* Debug */ = {
			isa = XCBuildConfiguration;
			buildSettings = {
				ALWAYS_SEARCH_USER_PATHS = NO;
				ASSETCATALOG_COMPILER_GENERATE_SWIFT_ASSET_SYMBOL_EXTENSIONS = YES;
				CLANG_ANALYZER_NONNULL = YES;
				CLANG_ANALYZER_NUMBER_OBJECT_CONVERSION = YES_AGGRESSIVE;
				CLANG_CXX_LANGUAGE_STANDARD = "gnu++20";
				CLANG_ENABLE_MODULES = YES;
				CLANG_ENABLE_OBJC_ARC = YES;
				CLANG_ENABLE_OBJC_WEAK = YES;
				CLANG_WARN_BLOCK_CAPTURE_AUTORELEASING = YES;
				CLANG_WARN_BOOL_CONVERSION = YES;
				CLANG_WARN_COMMA = YES;
				CLANG_WARN_CONSTANT_CONVERSION = YES;
				CLANG_WARN_DEPRECATED_OBJC_IMPLEMENTATIONS = YES;
				CLANG_WARN_DIRECT_OBJC_ISA_USAGE = YES_ERROR;
				CLANG_WARN_DOCUMENTATION_COMMENTS = YES;
				CLANG_WARN_EMPTY_BODY = YES;
				CLANG_WARN_ENUM_CONVERSION = YES;
				CLANG_WARN_INFINITE_RECURSION = YES;
				CLANG_WARN_INT_CONVERSION = YES;
				CLANG_WARN_NON_LITERAL_NULL_CONVERSION = YES;
				CLANG_WARN_OBJC_IMPLICIT_RETAIN_SELF = YES;
				CLANG_WARN_OBJC_LITERAL_CONVERSION = YES;
				CLANG_WARN_OBJC_ROOT_CLASS = YES_ERROR;
				CLANG_WARN_QUOTED_INCLUDE_IN_FRAMEWORK_HEADER = YES;
				CLANG_WARN_RANGE_LOOP_ANALYSIS = YES;
				CLANG_WARN_STRICT_PROTOTYPES = YES;
				CLANG_WARN_SUSPICIOUS_MOVE = YES;
				CLANG_WARN_UNGUARDED_AVAILABILITY = YES_AGGRESSIVE;
				CLANG_WARN_UNREACHABLE_CODE = YES;
				CLANG_WARN__DUPLICATE_METHOD_MATCH = YES;
				COPY_PHASE_STRIP = NO;
				DEBUG_INFORMATION_FORMAT = dwarf;
				ENABLE_STRICT_OBJC_MSGSEND = YES;
				ENABLE_TESTABILITY = YES;
				ENABLE_USER_SCRIPT_SANDBOXING = YES;
				GCC_C_LANGUAGE_STANDARD = gnu17;
				GCC_DYNAMIC_NO_PIC = NO;
				GCC_NO_COMMON_BLOCKS = YES;
				GCC_OPTIMIZATION_LEVEL = 0;
				GCC_PREPROCESSOR_DEFINITIONS = (
					"DEBUG=1",
					"$(inherited)",
				);
				GCC_WARN_64_TO_32_BIT_CONVERSION = YES;
				GCC_WARN_ABOUT_RETURN_TYPE = YES_ERROR;
				GCC_WARN_UNDECLARED_SELECTOR = YES;
				GCC_WARN_UNINITIALIZED_AUTOS = YES_AGGRESSIVE;
				GCC_WARN_UNUSED_FUNCTION = YES;
				GCC_WARN_UNUSED_VARIABLE = YES;
				IPHONEOS_DEPLOYMENT_TARGET = 17.4;
				LOCALIZATION_PREFERS_STRING_CATALOGS = YES;
				MTL_ENABLE_DEBUG_INFO = INCLUDE_SOURCE;
				MTL_FAST_MATH = YES;
				ONLY_ACTIVE_ARCH = YES;
				SDKROOT = iphoneos;
				SWIFT_ACTIVE_COMPILATION_CONDITIONS = "DEBUG $(inherited)";
				SWIFT_OPTIMIZATION_LEVEL = "-Onone";
			};
			name = Debug;
		};
		64F44A912BD69E90006FA4F5 /* Release */ = {
			isa = XCBuildConfiguration;
			buildSettings = {
				ALWAYS_SEARCH_USER_PATHS = NO;
				ASSETCATALOG_COMPILER_GENERATE_SWIFT_ASSET_SYMBOL_EXTENSIONS = YES;
				CLANG_ANALYZER_NONNULL = YES;
				CLANG_ANALYZER_NUMBER_OBJECT_CONVERSION = YES_AGGRESSIVE;
				CLANG_CXX_LANGUAGE_STANDARD = "gnu++20";
				CLANG_ENABLE_MODULES = YES;
				CLANG_ENABLE_OBJC_ARC = YES;
				CLANG_ENABLE_OBJC_WEAK = YES;
				CLANG_WARN_BLOCK_CAPTURE_AUTORELEASING = YES;
				CLANG_WARN_BOOL_CONVERSION = YES;
				CLANG_WARN_COMMA = YES;
				CLANG_WARN_CONSTANT_CONVERSION = YES;
				CLANG_WARN_DEPRECATED_OBJC_IMPLEMENTATIONS = YES;
				CLANG_WARN_DIRECT_OBJC_ISA_USAGE = YES_ERROR;
				CLANG_WARN_DOCUMENTATION_COMMENTS = YES;
				CLANG_WARN_EMPTY_BODY = YES;
				CLANG_WARN_ENUM_CONVERSION = YES;
				CLANG_WARN_INFINITE_RECURSION = YES;
				CLANG_WARN_INT_CONVERSION = YES;
				CLANG_WARN_NON_LITERAL_NULL_CONVERSION = YES;
				CLANG_WARN_OBJC_IMPLICIT_RETAIN_SELF = YES;
				CLANG_WARN_OBJC_LITERAL_CONVERSION = YES;
				CLANG_WARN_OBJC_ROOT_CLASS = YES_ERROR;
				CLANG_WARN_QUOTED_INCLUDE_IN_FRAMEWORK_HEADER = YES;
				CLANG_WARN_RANGE_LOOP_ANALYSIS = YES;
				CLANG_WARN_STRICT_PROTOTYPES = YES;
				CLANG_WARN_SUSPICIOUS_MOVE = YES;
				CLANG_WARN_UNGUARDED_AVAILABILITY = YES_AGGRESSIVE;
				CLANG_WARN_UNREACHABLE_CODE = YES;
				CLANG_WARN__DUPLICATE_METHOD_MATCH = YES;
				COPY_PHASE_STRIP = NO;
				DEBUG_INFORMATION_FORMAT = "dwarf-with-dsym";
				ENABLE_NS_ASSERTIONS = NO;
				ENABLE_STRICT_OBJC_MSGSEND = YES;
				ENABLE_USER_SCRIPT_SANDBOXING = YES;
				GCC_C_LANGUAGE_STANDARD = gnu17;
				GCC_NO_COMMON_BLOCKS = YES;
				GCC_WARN_64_TO_32_BIT_CONVERSION = YES;
				GCC_WARN_ABOUT_RETURN_TYPE = YES_ERROR;
				GCC_WARN_UNDECLARED_SELECTOR = YES;
				GCC_WARN_UNINITIALIZED_AUTOS = YES_AGGRESSIVE;
				GCC_WARN_UNUSED_FUNCTION = YES;
				GCC_WARN_UNUSED_VARIABLE = YES;
				IPHONEOS_DEPLOYMENT_TARGET = 17.4;
				LOCALIZATION_PREFERS_STRING_CATALOGS = YES;
				MTL_ENABLE_DEBUG_INFO = NO;
				MTL_FAST_MATH = YES;
				SDKROOT = iphoneos;
				SWIFT_COMPILATION_MODE = wholemodule;
				VALIDATE_PRODUCT = YES;
			};
			name = Release;
		};
		64F44A932BD69E90006FA4F5 /* Debug */ = {
			isa = XCBuildConfiguration;
			buildSettings = {
				ASSETCATALOG_COMPILER_APPICON_NAME = AppIcon;
				ASSETCATALOG_COMPILER_GLOBAL_ACCENT_COLOR_NAME = AccentColor;
				CODE_SIGN_STYLE = Automatic;
				CURRENT_PROJECT_VERSION = 1;
				DEVELOPMENT_ASSET_PATHS = "\"Landmarks/Preview Content\"";
				DEVELOPMENT_TEAM = JQ3QUS47VP;
				ENABLE_PREVIEWS = YES;
				GENERATE_INFOPLIST_FILE = YES;
				INFOPLIST_FILE = Landmarks/Info.plist;
				INFOPLIST_KEY_CFBundleDisplayName = "";
				INFOPLIST_KEY_LSApplicationCategoryType = "";
				INFOPLIST_KEY_NSCameraUsageDescription = "We need access to the camera for recording video.";
				INFOPLIST_KEY_NSMicrophoneUsageDescription = "We need access to the microphone for recording audio.";
				INFOPLIST_KEY_NSPhotoLibraryUsageDescription = "Get the camera feed";
				INFOPLIST_KEY_UIApplicationSceneManifest_Generation = YES;
				INFOPLIST_KEY_UIApplicationSupportsIndirectInputEvents = YES;
				INFOPLIST_KEY_UILaunchScreen_Generation = YES;
				INFOPLIST_KEY_UISupportedInterfaceOrientations_iPad = "UIInterfaceOrientationPortrait UIInterfaceOrientationPortraitUpsideDown UIInterfaceOrientationLandscapeLeft UIInterfaceOrientationLandscapeRight";
				INFOPLIST_KEY_UISupportedInterfaceOrientations_iPhone = "UIInterfaceOrientationPortrait UIInterfaceOrientationLandscapeLeft UIInterfaceOrientationLandscapeRight";
				LD_RUNPATH_SEARCH_PATHS = (
					"$(inherited)",
					"@executable_path/Frameworks",
				);
				MARKETING_VERSION = 1.0;
				PRODUCT_BUNDLE_IDENTIFIER = TT.Ball.Landmarks;
				PRODUCT_NAME = "$(TARGET_NAME)";
				SWIFT_EMIT_LOC_STRINGS = YES;
				SWIFT_VERSION = 5.0;
				TARGETED_DEVICE_FAMILY = "1,2";
			};
			name = Debug;
		};
		64F44A942BD69E90006FA4F5 /* Release */ = {
			isa = XCBuildConfiguration;
			buildSettings = {
				ASSETCATALOG_COMPILER_APPICON_NAME = AppIcon;
				ASSETCATALOG_COMPILER_GLOBAL_ACCENT_COLOR_NAME = AccentColor;
				CODE_SIGN_STYLE = Automatic;
				CURRENT_PROJECT_VERSION = 1;
				DEVELOPMENT_ASSET_PATHS = "\"Landmarks/Preview Content\"";
				DEVELOPMENT_TEAM = JQ3QUS47VP;
				ENABLE_PREVIEWS = YES;
				GENERATE_INFOPLIST_FILE = YES;
				INFOPLIST_FILE = Landmarks/Info.plist;
				INFOPLIST_KEY_CFBundleDisplayName = "";
				INFOPLIST_KEY_LSApplicationCategoryType = "";
				INFOPLIST_KEY_NSCameraUsageDescription = "We need access to the camera for recording video.";
				INFOPLIST_KEY_NSMicrophoneUsageDescription = "We need access to the microphone for recording audio.";
				INFOPLIST_KEY_NSPhotoLibraryUsageDescription = "Get the camera feed";
				INFOPLIST_KEY_UIApplicationSceneManifest_Generation = YES;
				INFOPLIST_KEY_UIApplicationSupportsIndirectInputEvents = YES;
				INFOPLIST_KEY_UILaunchScreen_Generation = YES;
				INFOPLIST_KEY_UISupportedInterfaceOrientations_iPad = "UIInterfaceOrientationPortrait UIInterfaceOrientationPortraitUpsideDown UIInterfaceOrientationLandscapeLeft UIInterfaceOrientationLandscapeRight";
				INFOPLIST_KEY_UISupportedInterfaceOrientations_iPhone = "UIInterfaceOrientationPortrait UIInterfaceOrientationLandscapeLeft UIInterfaceOrientationLandscapeRight";
				LD_RUNPATH_SEARCH_PATHS = (
					"$(inherited)",
					"@executable_path/Frameworks",
				);
				MARKETING_VERSION = 1.0;
				PRODUCT_BUNDLE_IDENTIFIER = TT.Ball.Landmarks;
				PRODUCT_NAME = "$(TARGET_NAME)";
				SWIFT_EMIT_LOC_STRINGS = YES;
				SWIFT_VERSION = 5.0;
				TARGETED_DEVICE_FAMILY = "1,2";
			};
			name = Release;
		};
/* End XCBuildConfiguration section */

/* Begin XCConfigurationList section */
		64F44A7F2BD69E8F006FA4F5 /* Build configuration list for PBXProject "Landmarks" */ = {
			isa = XCConfigurationList;
			buildConfigurations = (
				64F44A902BD69E90006FA4F5 /* Debug */,
				64F44A912BD69E90006FA4F5 /* Release */,
			);
			defaultConfigurationIsVisible = 0;
			defaultConfigurationName = Release;
		};
		64F44A922BD69E90006FA4F5 /* Build configuration list for PBXNativeTarget "Landmarks" */ = {
			isa = XCConfigurationList;
			buildConfigurations = (
				64F44A932BD69E90006FA4F5 /* Debug */,
				64F44A942BD69E90006FA4F5 /* Release */,
			);
			defaultConfigurationIsVisible = 0;
			defaultConfigurationName = Release;
		};
/* End XCConfigurationList section */
	};
	rootObject = 64F44A7C2BD69E8F006FA4F5 /* Project object */;
}
